
Microsoft Visual Studio Solution File, Format Version 12.00
# Visual Studio Version 16
VisualStudioVersion = 16.0.29613.14
MinimumVisualStudioVersion = 10.0.40219.1
Project("{FAE04EC0-301F-11D3-BF4B-00C04F79EFBC}") = "EX2", "EX2.csproj", "{A1E36455-E5DD-460F-A949-26B54E297E02}"
EndProject
Global
	GlobalSection(SolutionConfigurationPlatforms) = preSolution
		Debug|Any CPU = Debug|Any CPU
		Release|Any CPU = Release|Any CPU
	EndGlobalSection
	GlobalSection(ProjectConfigurationPlatforms) = postSolution
		{A1E36455-E5DD-460F-A949-26B54E297E02}.Debug|Any CPU.ActiveCfg = Debug|Any CPU
		{A1E36455-E5DD-460F-A949-26B54E297E02}.Debug|Any CPU.Build.0 = Debug|Any CPU
		{A1E36455-E5DD-460F-A949-26B54E297E02}.Release|Any CPU.ActiveCfg = Release|Any CPU
		{A1E36455-E5DD-460F-A949-26B54E297E02}.Release|Any CPU.Build.0 = Release|Any CPU
	EndGlobalSection
	GlobalSection(SolutionProperties) = preSolution
		HideSolutionNode = FALSE
	EndGlobalSection
	GlobalSection(ExtensibilityGlobals) = postSolution
		SolutionGuid = {2A1AF943-1385-47BB-882B-D3BCE4AABE58}
	EndGlobalSection
EndGlobal
